DEPENDENCIES
  apache2
    path: .cookbooks/apache2
  apt
  build-essential
  conf
  git
  locale
    path: .cookbooks/locale
  openssl
  postfix
    path: .cookbooks/postfix
  runit
  sandbox
    path: .cookbooks/sandbox
  zend-server
    path: .cookbooks/zend-server

GRAPH
  apache2 (1.0.0)
  apt (2.7.0)
  build-essential (2.2.3)
  chef-sugar (3.1.0)
  chef_handler (1.1.8)
  conf (0.1.0)
  dmg (2.2.2)
  git (4.2.2)
    build-essential (>= 0.0.0)
    dmg (>= 0.0.0)
    windows (>= 0.0.0)
    yum-epel (>= 0.0.0)
  locale (1.0.2)
  openssl (4.0.0)
    chef-sugar (>= 0.0.0)
  packagecloud (0.0.18)
  postfix (1.0.0)
  runit (1.6.0)
    packagecloud (>= 0.0.0)
  sandbox (1.0.0)
  windows (1.37.0)
    chef_handler (>= 0.0.0)
  yum (3.6.0)
  yum-epel (0.6.0)
    yum (~> 3.0)
  zend-server (1.0.0)
